
Microsoft Visual Studio Solution File, Format Version 12.00
# Visual Studio 15
VisualStudioVersion = 15.0.28307.705
MinimumVisualStudioVersion = 10.0.40219.1
Project("{FAE04EC0-301F-11D3-BF4B-00C04F79EFBC}") = "UwpKeywordSpotting.Android", "UwpKeywordSpotting\UwpKeywordSpotting.Android\UwpKeywordSpotting.Android.csproj", "{87C41955-18E8-4D77-9242-08A2A5855544}"
EndProject
Project("{FAE04EC0-301F-11D3-BF4B-00C04F79EFBC}") = "UwpKeywordSpotting.iOS", "UwpKeywordSpotting\UwpKeywordSpotting.iOS\UwpKeywordSpotting.iOS.csproj", "{B36C8CAF-158A-4E9A-9172-4E4EE45D0667}"
EndProject
Project("{FAE04EC0-301F-11D3-BF4B-00C04F79EFBC}") = "UwpKeywordSpotting.UWP", "UwpKeywordSpotting\UwpKeywordSpotting.UWP\UwpKeywordSpotting.UWP.csproj", "{59B6DB82-E96A-44E2-888E-BB957FAE538F}"
EndProject
Project("{FAE04EC0-301F-11D3-BF4B-00C04F79EFBC}") = "UwpKeywordSpotting", "UwpKeywordSpotting\UwpKeywordSpotting\UwpKeywordSpotting.csproj", "{E991C333-F5EF-4531-83A3-F29FF30BCF37}"
EndProject
Project("{C7167F0D-BC9F-4E6E-AFE1-012C56B48DB5}") = "Package", "Package\Package.wapproj", "{49C014DE-3605-49D6-8C45-38DDEF9BF499}"
EndProject
Project("{FAE04EC0-301F-11D3-BF4B-00C04F79EFBC}") = "Listener", "Listener\Listener.csproj", "{7A76302F-ED44-4057-85F6-0391727058FF}"
EndProject
Global
	GlobalSection(SolutionConfigurationPlatforms) = preSolution
		Ad-Hoc|Any CPU = Ad-Hoc|Any CPU
		Ad-Hoc|ARM = Ad-Hoc|ARM
		Ad-Hoc|iPhone = Ad-Hoc|iPhone
		Ad-Hoc|iPhoneSimulator = Ad-Hoc|iPhoneSimulator
		Ad-Hoc|x64 = Ad-Hoc|x64
		Ad-Hoc|x86 = Ad-Hoc|x86
		AppStore|Any CPU = AppStore|Any CPU
		AppStore|ARM = AppStore|ARM
		AppStore|iPhone = AppStore|iPhone
		AppStore|iPhoneSimulator = AppStore|iPhoneSimulator
		AppStore|x64 = AppStore|x64
		AppStore|x86 = AppStore|x86
		Debug|Any CPU = Debug|Any CPU
		Debug|ARM = Debug|ARM
		Debug|iPhone = Debug|iPhone
		Debug|iPhoneSimulator = Debug|iPhoneSimulator
		Debug|x64 = Debug|x64
		Debug|x86 = Debug|x86
		Release|Any CPU = Release|Any CPU
		Release|ARM = Release|ARM
		Release|iPhone = Release|iPhone
		Release|iPhoneSimulator = Release|iPhoneSimulator
		Release|x64 = Release|x64
		Release|x86 = Release|x86
	EndGlobalSection
	GlobalSection(ProjectConfigurationPlatforms) = postSolution
		{87C41955-18E8-4D77-9242-08A2A5855544}.Ad-Hoc|Any CPU.ActiveCfg = Release|Any CPU
		{87C41955-18E8-4D77-9242-08A2A5855544}.Ad-Hoc|Any CPU.Build.0 = Release|Any CPU
		{87C41955-18E8-4D77-9242-08A2A5855544}.Ad-Hoc|Any CPU.Deploy.0 = Release|Any CPU
		{87C41955-18E8-4D77-9242-08A2A5855544}.Ad-Hoc|ARM.ActiveCfg = Release|Any CPU
		{87C41955-18E8-4D77-9242-08A2A5855544}.Ad-Hoc|ARM.Build.0 = Release|Any CPU
		{87C41955-18E8-4D77-9242-08A2A5855544}.Ad-Hoc|ARM.Deploy.0 = Release|Any CPU
		{87C41955-18E8-4D77-9242-08A2A5855544}.Ad-Hoc|iPhone.ActiveCfg = Release|Any CPU
		{87C41955-18E8-4D77-9242-08A2A5855544}.Ad-Hoc|iPhone.Build.0 = Release|Any CPU
		{87C41955-18E8-4D77-9242-08A2A5855544}.Ad-Hoc|iPhone.Deploy.0 = Release|Any CPU
		{87C41955-18E8-4D77-9242-08A2A5855544}.Ad-Hoc|iPhoneSimulator.ActiveCfg = Release|Any CPU
		{87C41955-18E8-4D77-9242-08A2A5855544}.Ad-Hoc|iPhoneSimulator.Build.0 = Release|Any CPU
		{87C41955-18E8-4D77-9242-08A2A5855544}.Ad-Hoc|iPhoneSimulator.Deploy.0 = Release|Any CPU
		{87C41955-18E8-4D77-9242-08A2A5855544}.Ad-Hoc|x64.ActiveCfg = Release|Any CPU
		{87C41955-18E8-4D77-9242-08A2A5855544}.Ad-Hoc|x64.Build.0 = Release|Any CPU
		{87C41955-18E8-4D77-9242-08A2A5855544}.Ad-Hoc|x64.Deploy.0 = Release|Any CPU
		{87C41955-18E8-4D77-9242-08A2A5855544}.Ad-Hoc|x86.ActiveCfg = Release|Any CPU
		{87C41955-18E8-4D77-9242-08A2A5855544}.Ad-Hoc|x86.Build.0 = Release|Any CPU
		{87C41955-18E8-4D77-9242-08A2A5855544}.Ad-Hoc|x86.Deploy.0 = Release|Any CPU
		{87C41955-18E8-4D77-9242-08A2A5855544}.AppStore|Any CPU.ActiveCfg = Release|Any CPU
		{87C41955-18E8-4D77-9242-08A2A5855544}.AppStore|Any CPU.Build.0 = Release|Any CPU
		{87C41955-18E8-4D77-9242-08A2A5855544}.AppStore|Any CPU.Deploy.0 = Release|Any CPU
		{87C41955-18E8-4D77-9242-08A2A5855544}.AppStore|ARM.ActiveCfg = Release|Any CPU
		{87C41955-18E8-4D77-9242-08A2A5855544}.AppStore|ARM.Build.0 = Release|Any CPU
		{87C41955-18E8-4D77-9242-08A2A5855544}.AppStore|ARM.Deploy.0 = Release|Any CPU
		{87C41955-18E8-4D77-9242-08A2A5855544}.AppStore|iPhone.ActiveCfg = Release|Any CPU
		{87C41955-18E8-4D77-9242-08A2A5855544}.AppStore|iPhone.Build.0 = Release|Any CPU
		{87C41955-18E8-4D77-9242-08A2A5855544}.AppStore|iPhone.Deploy.0 = Release|Any CPU
		{87C41955-18E8-4D77-9242-08A2A5855544}.AppStore|iPhoneSimulator.ActiveCfg = Release|Any CPU
		{87C41955-18E8-4D77-9242-08A2A5855544}.AppStore|iPhoneSimulator.Build.0 = Release|Any CPU
		{87C41955-18E8-4D77-9242-08A2A5855544}.AppStore|iPhoneSimulator.Deploy.0 = Release|Any CPU
		{87C41955-18E8-4D77-9242-08A2A5855544}.AppStore|x64.ActiveCfg = Release|Any CPU
		{87C41955-18E8-4D77-9242-08A2A5855544}.AppStore|x64.Build.0 = Release|Any CPU
		{87C41955-18E8-4D77-9242-08A2A5855544}.AppStore|x64.Deploy.0 = Release|Any CPU
		{87C41955-18E8-4D77-9242-08A2A5855544}.AppStore|x86.ActiveCfg = Release|Any CPU
		{87C41955-18E8-4D77-9242-08A2A5855544}.AppStore|x86.Build.0 = Release|Any CPU
		{87C41955-18E8-4D77-9242-08A2A5855544}.AppStore|x86.Deploy.0 = Release|Any CPU
		{87C41955-18E8-4D77-9242-08A2A5855544}.Debug|Any CPU.ActiveCfg = Debug|Any CPU
		{87C41955-18E8-4D77-9242-08A2A5855544}.Debug|Any CPU.Build.0 = Debug|Any CPU
		{87C41955-18E8-4D77-9242-08A2A5855544}.Debug|Any CPU.Deploy.0 = Debug|Any CPU
		{87C41955-18E8-4D77-9242-08A2A5855544}.Debug|ARM.ActiveCfg = Debug|Any CPU
		{87C41955-18E8-4D77-9242-08A2A5855544}.Debug|ARM.Build.0 = Debug|Any CPU
		{87C41955-18E8-4D77-9242-08A2A5855544}.Debug|ARM.Deploy.0 = Debug|Any CPU
		{87C41955-18E8-4D77-9242-08A2A5855544}.Debug|iPhone.ActiveCfg = Debug|Any CPU
		{87C41955-18E8-4D77-9242-08A2A5855544}.Debug|iPhone.Build.0 = Debug|Any CPU
		{87C41955-18E8-4D77-9242-08A2A5855544}.Debug|iPhone.Deploy.0 = Debug|Any CPU
		{87C41955-18E8-4D77-9242-08A2A5855544}.Debug|iPhoneSimulator.ActiveCfg = Debug|Any CPU
		{87C41955-18E8-4D77-9242-08A2A5855544}.Debug|iPhoneSimulator.Build.0 = Debug|Any CPU
		{87C41955-18E8-4D77-9242-08A2A5855544}.Debug|iPhoneSimulator.Deploy.0 = Debug|Any CPU
		{87C41955-18E8-4D77-9242-08A2A5855544}.Debug|x64.ActiveCfg = Debug|Any CPU
		{87C41955-18E8-4D77-9242-08A2A5855544}.Debug|x64.Build.0 = Debug|Any CPU
		{87C41955-18E8-4D77-9242-08A2A5855544}.Debug|x64.Deploy.0 = Debug|Any CPU
		{87C41955-18E8-4D77-9242-08A2A5855544}.Debug|x86.ActiveCfg = Debug|Any CPU
		{87C41955-18E8-4D77-9242-08A2A5855544}.Debug|x86.Build.0 = Debug|Any CPU
		{87C41955-18E8-4D77-9242-08A2A5855544}.Debug|x86.Deploy.0 = Debug|Any CPU
		{87C41955-18E8-4D77-9242-08A2A5855544}.Release|Any CPU.ActiveCfg = Release|Any CPU
		{87C41955-18E8-4D77-9242-08A2A5855544}.Release|Any CPU.Build.0 = Release|Any CPU
		{87C41955-18E8-4D77-9242-08A2A5855544}.Release|Any CPU.Deploy.0 = Release|Any CPU
		{87C41955-18E8-4D77-9242-08A2A5855544}.Release|ARM.ActiveCfg = Release|Any CPU
		{87C41955-18E8-4D77-9242-08A2A5855544}.Release|ARM.Build.0 = Release|Any CPU
		{87C41955-18E8-4D77-9242-08A2A5855544}.Release|ARM.Deploy.0 = Release|Any CPU
		{87C41955-18E8-4D77-9242-08A2A5855544}.Release|iPhone.ActiveCfg = Release|Any CPU
		{87C41955-18E8-4D77-9242-08A2A5855544}.Release|iPhone.Build.0 = Release|Any CPU
		{87C41955-18E8-4D77-9242-08A2A5855544}.Release|iPhone.Deploy.0 = Release|Any CPU
		{87C41955-18E8-4D77-9242-08A2A5855544}.Release|iPhoneSimulator.ActiveCfg = Release|Any CPU
		{87C41955-18E8-4D77-9242-08A2A5855544}.Release|iPhoneSimulator.Build.0 = Release|Any CPU
		{87C41955-18E8-4D77-9242-08A2A5855544}.Release|iPhoneSimulator.Deploy.0 = Release|Any CPU
		{87C41955-18E8-4D77-9242-08A2A5855544}.Release|x64.ActiveCfg = Release|Any CPU
		{87C41955-18E8-4D77-9242-08A2A5855544}.Release|x64.Build.0 = Release|Any CPU
		{87C41955-18E8-4D77-9242-08A2A5855544}.Release|x64.Deploy.0 = Release|Any CPU
		{87C41955-18E8-4D77-9242-08A2A5855544}.Release|x86.ActiveCfg = Release|Any CPU
		{87C41955-18E8-4D77-9242-08A2A5855544}.Release|x86.Build.0 = Release|Any CPU
		{87C41955-18E8-4D77-9242-08A2A5855544}.Release|x86.Deploy.0 = Release|Any CPU
		{B36C8CAF-158A-4E9A-9172-4E4EE45D0667}.Ad-Hoc|Any CPU.ActiveCfg = Ad-Hoc|iPhone
		{B36C8CAF-158A-4E9A-9172-4E4EE45D0667}.Ad-Hoc|Any CPU.Build.0 = Ad-Hoc|iPhone
		{B36C8CAF-158A-4E9A-9172-4E4EE45D0667}.Ad-Hoc|Any CPU.Deploy.0 = Ad-Hoc|iPhone
		{B36C8CAF-158A-4E9A-9172-4E4EE45D0667}.Ad-Hoc|ARM.ActiveCfg = Ad-Hoc|iPhone
		{B36C8CAF-158A-4E9A-9172-4E4EE45D0667}.Ad-Hoc|ARM.Build.0 = Ad-Hoc|iPhone
		{B36C8CAF-158A-4E9A-9172-4E4EE45D0667}.Ad-Hoc|ARM.Deploy.0 = Ad-Hoc|iPhone
		{B36C8CAF-158A-4E9A-9172-4E4EE45D0667}.Ad-Hoc|iPhone.ActiveCfg = Ad-Hoc|iPhone
		{B36C8CAF-158A-4E9A-9172-4E4EE45D0667}.Ad-Hoc|iPhone.Build.0 = Ad-Hoc|iPhone
		{B36C8CAF-158A-4E9A-9172-4E4EE45D0667}.Ad-Hoc|iPhone.Deploy.0 = Ad-Hoc|iPhone
		{B36C8CAF-158A-4E9A-9172-4E4EE45D0667}.Ad-Hoc|iPhoneSimulator.ActiveCfg = Ad-Hoc|iPhoneSimulator
		{B36C8CAF-158A-4E9A-9172-4E4EE45D0667}.Ad-Hoc|iPhoneSimulator.Build.0 = Ad-Hoc|iPhoneSimulator
		{B36C8CAF-158A-4E9A-9172-4E4EE45D0667}.Ad-Hoc|iPhoneSimulator.Deploy.0 = Ad-Hoc|iPhoneSimulator
		{B36C8CAF-158A-4E9A-9172-4E4EE45D0667}.Ad-Hoc|x64.ActiveCfg = Ad-Hoc|iPhone
		{B36C8CAF-158A-4E9A-9172-4E4EE45D0667}.Ad-Hoc|x64.Build.0 = Ad-Hoc|iPhone
		{B36C8CAF-158A-4E9A-9172-4E4EE45D0667}.Ad-Hoc|x64.Deploy.0 = Ad-Hoc|iPhone
		{B36C8CAF-158A-4E9A-9172-4E4EE45D0667}.Ad-Hoc|x86.ActiveCfg = Ad-Hoc|iPhone
		{B36C8CAF-158A-4E9A-9172-4E4EE45D0667}.Ad-Hoc|x86.Build.0 = Ad-Hoc|iPhone
		{B36C8CAF-158A-4E9A-9172-4E4EE45D0667}.Ad-Hoc|x86.Deploy.0 = Ad-Hoc|iPhone
		{B36C8CAF-158A-4E9A-9172-4E4EE45D0667}.AppStore|Any CPU.ActiveCfg = AppStore|iPhone
		{B36C8CAF-158A-4E9A-9172-4E4EE45D0667}.AppStore|Any CPU.Build.0 = AppStore|iPhone
		{B36C8CAF-158A-4E9A-9172-4E4EE45D0667}.AppStore|Any CPU.Deploy.0 = AppStore|iPhone
		{B36C8CAF-158A-4E9A-9172-4E4EE45D0667}.AppStore|ARM.ActiveCfg = AppStore|iPhone
		{B36C8CAF-158A-4E9A-9172-4E4EE45D0667}.AppStore|ARM.Build.0 = AppStore|iPhone
		{B36C8CAF-158A-4E9A-9172-4E4EE45D0667}.AppStore|ARM.Deploy.0 = AppStore|iPhone
		{B36C8CAF-158A-4E9A-9172-4E4EE45D0667}.AppStore|iPhone.ActiveCfg = AppStore|iPhone
		{B36C8CAF-158A-4E9A-9172-4E4EE45D0667}.AppStore|iPhone.Build.0 = AppStore|iPhone
		{B36C8CAF-158A-4E9A-9172-4E4EE45D0667}.AppStore|iPhone.Deploy.0 = AppStore|iPhone
		{B36C8CAF-158A-4E9A-9172-4E4EE45D0667}.AppStore|iPhoneSimulator.ActiveCfg = AppStore|iPhoneSimulator
		{B36C8CAF-158A-4E9A-9172-4E4EE45D0667}.AppStore|iPhoneSimulator.Build.0 = AppStore|iPhoneSimulator
		{B36C8CAF-158A-4E9A-9172-4E4EE45D0667}.AppStore|iPhoneSimulator.Deploy.0 = AppStore|iPhoneSimulator
		{B36C8CAF-158A-4E9A-9172-4E4EE45D0667}.AppStore|x64.ActiveCfg = AppStore|iPhone
		{B36C8CAF-158A-4E9A-9172-4E4EE45D0667}.AppStore|x64.Build.0 = AppStore|iPhone
		{B36C8CAF-158A-4E9A-9172-4E4EE45D0667}.AppStore|x64.Deploy.0 = AppStore|iPhone
		{B36C8CAF-158A-4E9A-9172-4E4EE45D0667}.AppStore|x86.ActiveCfg = AppStore|iPhone
		{B36C8CAF-158A-4E9A-9172-4E4EE45D0667}.AppStore|x86.Build.0 = AppStore|iPhone
		{B36C8CAF-158A-4E9A-9172-4E4EE45D0667}.AppStore|x86.Deploy.0 = AppStore|iPhone
		{B36C8CAF-158A-4E9A-9172-4E4EE45D0667}.Debug|Any CPU.ActiveCfg = Debug|iPhoneSimulator
		{B36C8CAF-158A-4E9A-9172-4E4EE45D0667}.Debug|Any CPU.Build.0 = Debug|iPhoneSimulator
		{B36C8CAF-158A-4E9A-9172-4E4EE45D0667}.Debug|Any CPU.Deploy.0 = Debug|iPhoneSimulator
		{B36C8CAF-158A-4E9A-9172-4E4EE45D0667}.Debug|ARM.ActiveCfg = Debug|iPhone
		{B36C8CAF-158A-4E9A-9172-4E4EE45D0667}.Debug|ARM.Build.0 = Debug|iPhone
		{B36C8CAF-158A-4E9A-9172-4E4EE45D0667}.Debug|ARM.Deploy.0 = Debug|iPhone
		{B36C8CAF-158A-4E9A-9172-4E4EE45D0667}.Debug|iPhone.ActiveCfg = Debug|iPhone
		{B36C8CAF-158A-4E9A-9172-4E4EE45D0667}.Debug|iPhone.Build.0 = Debug|iPhone
		{B36C8CAF-158A-4E9A-9172-4E4EE45D0667}.Debug|iPhone.Deploy.0 = Debug|iPhone
		{B36C8CAF-158A-4E9A-9172-4E4EE45D0667}.Debug|iPhoneSimulator.ActiveCfg = Debug|iPhoneSimulator
		{B36C8CAF-158A-4E9A-9172-4E4EE45D0667}.Debug|iPhoneSimulator.Build.0 = Debug|iPhoneSimulator
		{B36C8CAF-158A-4E9A-9172-4E4EE45D0667}.Debug|iPhoneSimulator.Deploy.0 = Debug|iPhoneSimulator
		{B36C8CAF-158A-4E9A-9172-4E4EE45D0667}.Debug|x64.ActiveCfg = Debug|iPhone
		{B36C8CAF-158A-4E9A-9172-4E4EE45D0667}.Debug|x64.Build.0 = Debug|iPhone
		{B36C8CAF-158A-4E9A-9172-4E4EE45D0667}.Debug|x64.Deploy.0 = Debug|iPhone
		{B36C8CAF-158A-4E9A-9172-4E4EE45D0667}.Debug|x86.ActiveCfg = Debug|iPhone
		{B36C8CAF-158A-4E9A-9172-4E4EE45D0667}.Debug|x86.Build.0 = Debug|iPhone
		{B36C8CAF-158A-4E9A-9172-4E4EE45D0667}.Debug|x86.Deploy.0 = Debug|iPhone
		{B36C8CAF-158A-4E9A-9172-4E4EE45D0667}.Release|Any CPU.ActiveCfg = Release|iPhone
		{B36C8CAF-158A-4E9A-9172-4E4EE45D0667}.Release|Any CPU.Build.0 = Release|iPhone
		{B36C8CAF-158A-4E9A-9172-4E4EE45D0667}.Release|Any CPU.Deploy.0 = Release|iPhone
		{B36C8CAF-158A-4E9A-9172-4E4EE45D0667}.Release|ARM.ActiveCfg = Release|iPhone
		{B36C8CAF-158A-4E9A-9172-4E4EE45D0667}.Release|ARM.Build.0 = Release|iPhone
		{B36C8CAF-158A-4E9A-9172-4E4EE45D0667}.Release|ARM.Deploy.0 = Release|iPhone
		{B36C8CAF-158A-4E9A-9172-4E4EE45D0667}.Release|iPhone.ActiveCfg = Release|iPhone
		{B36C8CAF-158A-4E9A-9172-4E4EE45D0667}.Release|iPhone.Build.0 = Release|iPhone
		{B36C8CAF-158A-4E9A-9172-4E4EE45D0667}.Release|iPhone.Deploy.0 = Release|iPhone
		{B36C8CAF-158A-4E9A-9172-4E4EE45D0667}.Release|iPhoneSimulator.ActiveCfg = Release|iPhoneSimulator
		{B36C8CAF-158A-4E9A-9172-4E4EE45D0667}.Release|iPhoneSimulator.Build.0 = Release|iPhoneSimulator
		{B36C8CAF-158A-4E9A-9172-4E4EE45D0667}.Release|iPhoneSimulator.Deploy.0 = Release|iPhoneSimulator
		{B36C8CAF-158A-4E9A-9172-4E4EE45D0667}.Release|x64.ActiveCfg = Release|iPhone
		{B36C8CAF-158A-4E9A-9172-4E4EE45D0667}.Release|x64.Build.0 = Release|iPhone
		{B36C8CAF-158A-4E9A-9172-4E4EE45D0667}.Release|x64.Deploy.0 = Release|iPhone
		{B36C8CAF-158A-4E9A-9172-4E4EE45D0667}.Release|x86.ActiveCfg = Release|iPhone
		{B36C8CAF-158A-4E9A-9172-4E4EE45D0667}.Release|x86.Build.0 = Release|iPhone
		{B36C8CAF-158A-4E9A-9172-4E4EE45D0667}.Release|x86.Deploy.0 = Release|iPhone
		{59B6DB82-E96A-44E2-888E-BB957FAE538F}.Ad-Hoc|Any CPU.ActiveCfg = Release|x86
		{59B6DB82-E96A-44E2-888E-BB957FAE538F}.Ad-Hoc|Any CPU.Build.0 = Release|x86
		{59B6DB82-E96A-44E2-888E-BB957FAE538F}.Ad-Hoc|Any CPU.Deploy.0 = Release|x86
		{59B6DB82-E96A-44E2-888E-BB957FAE538F}.Ad-Hoc|ARM.ActiveCfg = Release|ARM
		{59B6DB82-E96A-44E2-888E-BB957FAE538F}.Ad-Hoc|ARM.Build.0 = Release|ARM
		{59B6DB82-E96A-44E2-888E-BB957FAE538F}.Ad-Hoc|ARM.Deploy.0 = Release|ARM
		{59B6DB82-E96A-44E2-888E-BB957FAE538F}.Ad-Hoc|iPhone.ActiveCfg = Release|x86
		{59B6DB82-E96A-44E2-888E-BB957FAE538F}.Ad-Hoc|iPhone.Build.0 = Release|x86
		{59B6DB82-E96A-44E2-888E-BB957FAE538F}.Ad-Hoc|iPhone.Deploy.0 = Release|x86
		{59B6DB82-E96A-44E2-888E-BB957FAE538F}.Ad-Hoc|iPhoneSimulator.ActiveCfg = Release|x86
		{59B6DB82-E96A-44E2-888E-BB957FAE538F}.Ad-Hoc|iPhoneSimulator.Build.0 = Release|x86
		{59B6DB82-E96A-44E2-888E-BB957FAE538F}.Ad-Hoc|iPhoneSimulator.Deploy.0 = Release|x86
		{59B6DB82-E96A-44E2-888E-BB957FAE538F}.Ad-Hoc|x64.ActiveCfg = Release|x64
		{59B6DB82-E96A-44E2-888E-BB957FAE538F}.Ad-Hoc|x64.Build.0 = Release|x64
		{59B6DB82-E96A-44E2-888E-BB957FAE538F}.Ad-Hoc|x64.Deploy.0 = Release|x64
		{59B6DB82-E96A-44E2-888E-BB957FAE538F}.Ad-Hoc|x86.ActiveCfg = Release|x86
		{59B6DB82-E96A-44E2-888E-BB957FAE538F}.Ad-Hoc|x86.Build.0 = Release|x86
		{59B6DB82-E96A-44E2-888E-BB957FAE538F}.Ad-Hoc|x86.Deploy.0 = Release|x86
		{59B6DB82-E96A-44E2-888E-BB957FAE538F}.AppStore|Any CPU.ActiveCfg = Release|x86
		{59B6DB82-E96A-44E2-888E-BB957FAE538F}.AppStore|Any CPU.Build.0 = Release|x86
		{59B6DB82-E96A-44E2-888E-BB957FAE538F}.AppStore|Any CPU.Deploy.0 = Release|x86
		{59B6DB82-E96A-44E2-888E-BB957FAE538F}.AppStore|ARM.ActiveCfg = Release|ARM
		{59B6DB82-E96A-44E2-888E-BB957FAE538F}.AppStore|ARM.Build.0 = Release|ARM
		{59B6DB82-E96A-44E2-888E-BB957FAE538F}.AppStore|ARM.Deploy.0 = Release|ARM
		{59B6DB82-E96A-44E2-888E-BB957FAE538F}.AppStore|iPhone.ActiveCfg = Release|x86
		{59B6DB82-E96A-44E2-888E-BB957FAE538F}.AppStore|iPhone.Build.0 = Release|x86
		{59B6DB82-E96A-44E2-888E-BB957FAE538F}.AppStore|iPhone.Deploy.0 = Release|x86
		{59B6DB82-E96A-44E2-888E-BB957FAE538F}.AppStore|iPhoneSimulator.ActiveCfg = Release|x86
		{59B6DB82-E96A-44E2-888E-BB957FAE538F}.AppStore|iPhoneSimulator.Build.0 = Release|x86
		{59B6DB82-E96A-44E2-888E-BB957FAE538F}.AppStore|iPhoneSimulator.Deploy.0 = Release|x86
		{59B6DB82-E96A-44E2-888E-BB957FAE538F}.AppStore|x64.ActiveCfg = Release|x64
		{59B6DB82-E96A-44E2-888E-BB957FAE538F}.AppStore|x64.Build.0 = Release|x64
		{59B6DB82-E96A-44E2-888E-BB957FAE538F}.AppStore|x64.Deploy.0 = Release|x64
		{59B6DB82-E96A-44E2-888E-BB957FAE538F}.AppStore|x86.ActiveCfg = Release|x86
		{59B6DB82-E96A-44E2-888E-BB957FAE538F}.AppStore|x86.Build.0 = Release|x86
		{59B6DB82-E96A-44E2-888E-BB957FAE538F}.AppStore|x86.Deploy.0 = Release|x86
		{59B6DB82-E96A-44E2-888E-BB957FAE538F}.Debug|Any CPU.ActiveCfg = Debug|x86
		{59B6DB82-E96A-44E2-888E-BB957FAE538F}.Debug|Any CPU.Build.0 = Debug|x86
		{59B6DB82-E96A-44E2-888E-BB957FAE538F}.Debug|Any CPU.Deploy.0 = Debug|x86
		{59B6DB82-E96A-44E2-888E-BB957FAE538F}.Debug|ARM.ActiveCfg = Debug|ARM
		{59B6DB82-E96A-44E2-888E-BB957FAE538F}.Debug|ARM.Build.0 = Debug|ARM
		{59B6DB82-E96A-44E2-888E-BB957FAE538F}.Debug|ARM.Deploy.0 = Debug|ARM
		{59B6DB82-E96A-44E2-888E-BB957FAE538F}.Debug|iPhone.ActiveCfg = Debug|x86
		{59B6DB82-E96A-44E2-888E-BB957FAE538F}.Debug|iPhone.Build.0 = Debug|x86
		{59B6DB82-E96A-44E2-888E-BB957FAE538F}.Debug|iPhone.Deploy.0 = Debug|x86
		{59B6DB82-E96A-44E2-888E-BB957FAE538F}.Debug|iPhoneSimulator.ActiveCfg = Debug|x86
		{59B6DB82-E96A-44E2-888E-BB957FAE538F}.Debug|iPhoneSimulator.Build.0 = Debug|x86
		{59B6DB82-E96A-44E2-888E-BB957FAE538F}.Debug|iPhoneSimulator.Deploy.0 = Debug|x86
		{59B6DB82-E96A-44E2-888E-BB957FAE538F}.Debug|x64.ActiveCfg = Debug|x64
		{59B6DB82-E96A-44E2-888E-BB957FAE538F}.Debug|x64.Build.0 = Debug|x64
		{59B6DB82-E96A-44E2-888E-BB957FAE538F}.Debug|x64.Deploy.0 = Debug|x64
		{59B6DB82-E96A-44E2-888E-BB957FAE538F}.Debug|x86.ActiveCfg = Debug|x86
		{59B6DB82-E96A-44E2-888E-BB957FAE538F}.Debug|x86.Build.0 = Debug|x86
		{59B6DB82-E96A-44E2-888E-BB957FAE538F}.Debug|x86.Deploy.0 = Debug|x86
		{59B6DB82-E96A-44E2-888E-BB957FAE538F}.Release|Any CPU.ActiveCfg = Release|x86
		{59B6DB82-E96A-44E2-888E-BB957FAE538F}.Release|Any CPU.Build.0 = Release|x86
		{59B6DB82-E96A-44E2-888E-BB957FAE538F}.Release|Any CPU.Deploy.0 = Release|x86
		{59B6DB82-E96A-44E2-888E-BB957FAE538F}.Release|ARM.ActiveCfg = Release|ARM
		{59B6DB82-E96A-44E2-888E-BB957FAE538F}.Release|ARM.Build.0 = Release|ARM
		{59B6DB82-E96A-44E2-888E-BB957FAE538F}.Release|ARM.Deploy.0 = Release|ARM
		{59B6DB82-E96A-44E2-888E-BB957FAE538F}.Release|iPhone.ActiveCfg = Release|x86
		{59B6DB82-E96A-44E2-888E-BB957FAE538F}.Release|iPhone.Build.0 = Release|x86
		{59B6DB82-E96A-44E2-888E-BB957FAE538F}.Release|iPhone.Deploy.0 = Release|x86
		{59B6DB82-E96A-44E2-888E-BB957FAE538F}.Release|iPhoneSimulator.ActiveCfg = Release|x86
		{59B6DB82-E96A-44E2-888E-BB957FAE538F}.Release|iPhoneSimulator.Build.0 = Release|x86
		{59B6DB82-E96A-44E2-888E-BB957FAE538F}.Release|iPhoneSimulator.Deploy.0 = Release|x86
		{59B6DB82-E96A-44E2-888E-BB957FAE538F}.Release|x64.ActiveCfg = Release|x64
		{59B6DB82-E96A-44E2-888E-BB957FAE538F}.Release|x64.Build.0 = Release|x64
		{59B6DB82-E96A-44E2-888E-BB957FAE538F}.Release|x64.Deploy.0 = Release|x64
		{59B6DB82-E96A-44E2-888E-BB957FAE538F}.Release|x86.ActiveCfg = Release|x86
		{59B6DB82-E96A-44E2-888E-BB957FAE538F}.Release|x86.Build.0 = Release|x86
		{59B6DB82-E96A-44E2-888E-BB957FAE538F}.Release|x86.Deploy.0 = Release|x86
		{E991C333-F5EF-4531-83A3-F29FF30BCF37}.Ad-Hoc|Any CPU.ActiveCfg = Debug|Any CPU
		{E991C333-F5EF-4531-83A3-F29FF30BCF37}.Ad-Hoc|Any CPU.Build.0 = Debug|Any CPU
		{E991C333-F5EF-4531-83A3-F29FF30BCF37}.Ad-Hoc|Any CPU.Deploy.0 = Debug|Any CPU
		{E991C333-F5EF-4531-83A3-F29FF30BCF37}.Ad-Hoc|ARM.ActiveCfg = Debug|Any CPU
		{E991C333-F5EF-4531-83A3-F29FF30BCF37}.Ad-Hoc|ARM.Build.0 = Debug|Any CPU
		{E991C333-F5EF-4531-83A3-F29FF30BCF37}.Ad-Hoc|ARM.Deploy.0 = Debug|Any CPU
		{E991C333-F5EF-4531-83A3-F29FF30BCF37}.Ad-Hoc|iPhone.ActiveCfg = Debug|Any CPU
		{E991C333-F5EF-4531-83A3-F29FF30BCF37}.Ad-Hoc|iPhone.Build.0 = Debug|Any CPU
		{E991C333-F5EF-4531-83A3-F29FF30BCF37}.Ad-Hoc|iPhone.Deploy.0 = Debug|Any CPU
		{E991C333-F5EF-4531-83A3-F29FF30BCF37}.Ad-Hoc|iPhoneSimulator.ActiveCfg = Debug|Any CPU
		{E991C333-F5EF-4531-83A3-F29FF30BCF37}.Ad-Hoc|iPhoneSimulator.Build.0 = Debug|Any CPU
		{E991C333-F5EF-4531-83A3-F29FF30BCF37}.Ad-Hoc|iPhoneSimulator.Deploy.0 = Debug|Any CPU
		{E991C333-F5EF-4531-83A3-F29FF30BCF37}.Ad-Hoc|x64.ActiveCfg = Debug|Any CPU
		{E991C333-F5EF-4531-83A3-F29FF30BCF37}.Ad-Hoc|x64.Build.0 = Debug|Any CPU
		{E991C333-F5EF-4531-83A3-F29FF30BCF37}.Ad-Hoc|x64.Deploy.0 = Debug|Any CPU
		{E991C333-F5EF-4531-83A3-F29FF30BCF37}.Ad-Hoc|x86.ActiveCfg = Debug|Any CPU
		{E991C333-F5EF-4531-83A3-F29FF30BCF37}.Ad-Hoc|x86.Build.0 = Debug|Any CPU
		{E991C333-F5EF-4531-83A3-F29FF30BCF37}.Ad-Hoc|x86.Deploy.0 = Debug|Any CPU
		{E991C333-F5EF-4531-83A3-F29FF30BCF37}.AppStore|Any CPU.ActiveCfg = Debug|Any CPU
		{E991C333-F5EF-4531-83A3-F29FF30BCF37}.AppStore|Any CPU.Build.0 = Debug|Any CPU
		{E991C333-F5EF-4531-83A3-F29FF30BCF37}.AppStore|Any CPU.Deploy.0 = Debug|Any CPU
		{E991C333-F5EF-4531-83A3-F29FF30BCF37}.AppStore|ARM.ActiveCfg = Debug|Any CPU
		{E991C333-F5EF-4531-83A3-F29FF30BCF37}.AppStore|ARM.Build.0 = Debug|Any CPU
		{E991C333-F5EF-4531-83A3-F29FF30BCF37}.AppStore|ARM.Deploy.0 = Debug|Any CPU
		{E991C333-F5EF-4531-83A3-F29FF30BCF37}.AppStore|iPhone.ActiveCfg = Debug|Any CPU
		{E991C333-F5EF-4531-83A3-F29FF30BCF37}.AppStore|iPhone.Build.0 = Debug|Any CPU
		{E991C333-F5EF-4531-83A3-F29FF30BCF37}.AppStore|iPhone.Deploy.0 = Debug|Any CPU
		{E991C333-F5EF-4531-83A3-F29FF30BCF37}.AppStore|iPhoneSimulator.ActiveCfg = Debug|Any CPU
		{E991C333-F5EF-4531-83A3-F29FF30BCF37}.AppStore|iPhoneSimulator.Build.0 = Debug|Any CPU
		{E991C333-F5EF-4531-83A3-F29FF30BCF37}.AppStore|iPhoneSimulator.Deploy.0 = Debug|Any CPU
		{E991C333-F5EF-4531-83A3-F29FF30BCF37}.AppStore|x64.ActiveCfg = Debug|Any CPU
		{E991C333-F5EF-4531-83A3-F29FF30BCF37}.AppStore|x64.Build.0 = Debug|Any CPU
		{E991C333-F5EF-4531-83A3-F29FF30BCF37}.AppStore|x64.Deploy.0 = Debug|Any CPU
		{E991C333-F5EF-4531-83A3-F29FF30BCF37}.AppStore|x86.ActiveCfg = Debug|Any CPU
		{E991C333-F5EF-4531-83A3-F29FF30BCF37}.AppStore|x86.Build.0 = Debug|Any CPU
		{E991C333-F5EF-4531-83A3-F29FF30BCF37}.AppStore|x86.Deploy.0 = Debug|Any CPU
		{E991C333-F5EF-4531-83A3-F29FF30BCF37}.Debug|Any CPU.ActiveCfg = Debug|Any CPU
		{E991C333-F5EF-4531-83A3-F29FF30BCF37}.Debug|Any CPU.Build.0 = Debug|Any CPU
		{E991C333-F5EF-4531-83A3-F29FF30BCF37}.Debug|Any CPU.Deploy.0 = Debug|Any CPU
		{E991C333-F5EF-4531-83A3-F29FF30BCF37}.Debug|ARM.ActiveCfg = Debug|Any CPU
		{E991C333-F5EF-4531-83A3-F29FF30BCF37}.Debug|ARM.Build.0 = Debug|Any CPU
		{E991C333-F5EF-4531-83A3-F29FF30BCF37}.Debug|ARM.Deploy.0 = Debug|Any CPU
		{E991C333-F5EF-4531-83A3-F29FF30BCF37}.Debug|iPhone.ActiveCfg = Debug|Any CPU
		{E991C333-F5EF-4531-83A3-F29FF30BCF37}.Debug|iPhone.Build.0 = Debug|Any CPU
		{E991C333-F5EF-4531-83A3-F29FF30BCF37}.Debug|iPhone.Deploy.0 = Debug|Any CPU
		{E991C333-F5EF-4531-83A3-F29FF30BCF37}.Debug|iPhoneSimulator.ActiveCfg = Debug|Any CPU
		{E991C333-F5EF-4531-83A3-F29FF30BCF37}.Debug|iPhoneSimulator.Build.0 = Debug|Any CPU
		{E991C333-F5EF-4531-83A3-F29FF30BCF37}.Debug|iPhoneSimulator.Deploy.0 = Debug|Any CPU
		{E991C333-F5EF-4531-83A3-F29FF30BCF37}.Debug|x64.ActiveCfg = Debug|Any CPU
		{E991C333-F5EF-4531-83A3-F29FF30BCF37}.Debug|x64.Build.0 = Debug|Any CPU
		{E991C333-F5EF-4531-83A3-F29FF30BCF37}.Debug|x64.Deploy.0 = Debug|Any CPU
		{E991C333-F5EF-4531-83A3-F29FF30BCF37}.Debug|x86.ActiveCfg = Debug|Any CPU
		{E991C333-F5EF-4531-83A3-F29FF30BCF37}.Debug|x86.Build.0 = Debug|Any CPU
		{E991C333-F5EF-4531-83A3-F29FF30BCF37}.Debug|x86.Deploy.0 = Debug|Any CPU
		{E991C333-F5EF-4531-83A3-F29FF30BCF37}.Release|Any CPU.ActiveCfg = Release|Any CPU
		{E991C333-F5EF-4531-83A3-F29FF30BCF37}.Release|Any CPU.Build.0 = Release|Any CPU
		{E991C333-F5EF-4531-83A3-F29FF30BCF37}.Release|Any CPU.Deploy.0 = Release|Any CPU
		{E991C333-F5EF-4531-83A3-F29FF30BCF37}.Release|ARM.ActiveCfg = Release|Any CPU
		{E991C333-F5EF-4531-83A3-F29FF30BCF37}.Release|ARM.Build.0 = Release|Any CPU
		{E991C333-F5EF-4531-83A3-F29FF30BCF37}.Release|ARM.Deploy.0 = Release|Any CPU
		{E991C333-F5EF-4531-83A3-F29FF30BCF37}.Release|iPhone.ActiveCfg = Release|Any CPU
		{E991C333-F5EF-4531-83A3-F29FF30BCF37}.Release|iPhone.Build.0 = Release|Any CPU
		{E991C333-F5EF-4531-83A3-F29FF30BCF37}.Release|iPhone.Deploy.0 = Release|Any CPU
		{E991C333-F5EF-4531-83A3-F29FF30BCF37}.Release|iPhoneSimulator.ActiveCfg = Release|Any CPU
		{E991C333-F5EF-4531-83A3-F29FF30BCF37}.Release|iPhoneSimulator.Build.0 = Release|Any CPU
		{E991C333-F5EF-4531-83A3-F29FF30BCF37}.Release|iPhoneSimulator.Deploy.0 = Release|Any CPU
		{E991C333-F5EF-4531-83A3-F29FF30BCF37}.Release|x64.ActiveCfg = Release|Any CPU
		{E991C333-F5EF-4531-83A3-F29FF30BCF37}.Release|x64.Build.0 = Release|Any CPU
		{E991C333-F5EF-4531-83A3-F29FF30BCF37}.Release|x64.Deploy.0 = Release|Any CPU
		{E991C333-F5EF-4531-83A3-F29FF30BCF37}.Release|x86.ActiveCfg = Release|Any CPU
		{E991C333-F5EF-4531-83A3-F29FF30BCF37}.Release|x86.Build.0 = Release|Any CPU
		{E991C333-F5EF-4531-83A3-F29FF30BCF37}.Release|x86.Deploy.0 = Release|Any CPU
		{49C014DE-3605-49D6-8C45-38DDEF9BF499}.Ad-Hoc|Any CPU.ActiveCfg = Debug|Any CPU
		{49C014DE-3605-49D6-8C45-38DDEF9BF499}.Ad-Hoc|Any CPU.Build.0 = Debug|Any CPU
		{49C014DE-3605-49D6-8C45-38DDEF9BF499}.Ad-Hoc|Any CPU.Deploy.0 = Debug|Any CPU
		{49C014DE-3605-49D6-8C45-38DDEF9BF499}.Ad-Hoc|ARM.ActiveCfg = Debug|Any CPU
		{49C014DE-3605-49D6-8C45-38DDEF9BF499}.Ad-Hoc|ARM.Build.0 = Debug|Any CPU
		{49C014DE-3605-49D6-8C45-38DDEF9BF499}.Ad-Hoc|ARM.Deploy.0 = Debug|Any CPU
		{49C014DE-3605-49D6-8C45-38DDEF9BF499}.Ad-Hoc|iPhone.ActiveCfg = Debug|Any CPU
		{49C014DE-3605-49D6-8C45-38DDEF9BF499}.Ad-Hoc|iPhone.Build.0 = Debug|Any CPU
		{49C014DE-3605-49D6-8C45-38DDEF9BF499}.Ad-Hoc|iPhone.Deploy.0 = Debug|Any CPU
		{49C014DE-3605-49D6-8C45-38DDEF9BF499}.Ad-Hoc|iPhoneSimulator.ActiveCfg = Debug|Any CPU
		{49C014DE-3605-49D6-8C45-38DDEF9BF499}.Ad-Hoc|iPhoneSimulator.Build.0 = Debug|Any CPU
		{49C014DE-3605-49D6-8C45-38DDEF9BF499}.Ad-Hoc|iPhoneSimulator.Deploy.0 = Debug|Any CPU
		{49C014DE-3605-49D6-8C45-38DDEF9BF499}.Ad-Hoc|x64.ActiveCfg = Release|x64
		{49C014DE-3605-49D6-8C45-38DDEF9BF499}.Ad-Hoc|x64.Build.0 = Release|x64
		{49C014DE-3605-49D6-8C45-38DDEF9BF499}.Ad-Hoc|x64.Deploy.0 = Release|x64
		{49C014DE-3605-49D6-8C45-38DDEF9BF499}.Ad-Hoc|x86.ActiveCfg = Release|x86
		{49C014DE-3605-49D6-8C45-38DDEF9BF499}.Ad-Hoc|x86.Build.0 = Release|x86
		{49C014DE-3605-49D6-8C45-38DDEF9BF499}.Ad-Hoc|x86.Deploy.0 = Release|x86
		{49C014DE-3605-49D6-8C45-38DDEF9BF499}.AppStore|Any CPU.ActiveCfg = Debug|Any CPU
		{49C014DE-3605-49D6-8C45-38DDEF9BF499}.AppStore|Any CPU.Build.0 = Debug|Any CPU
		{49C014DE-3605-49D6-8C45-38DDEF9BF499}.AppStore|Any CPU.Deploy.0 = Debug|Any CPU
		{49C014DE-3605-49D6-8C45-38DDEF9BF499}.AppStore|ARM.ActiveCfg = Debug|Any CPU
		{49C014DE-3605-49D6-8C45-38DDEF9BF499}.AppStore|ARM.Build.0 = Debug|Any CPU
		{49C014DE-3605-49D6-8C45-38DDEF9BF499}.AppStore|ARM.Deploy.0 = Debug|Any CPU
		{49C014DE-3605-49D6-8C45-38DDEF9BF499}.AppStore|iPhone.ActiveCfg = Debug|Any CPU
		{49C014DE-3605-49D6-8C45-38DDEF9BF499}.AppStore|iPhone.Build.0 = Debug|Any CPU
		{49C014DE-3605-49D6-8C45-38DDEF9BF499}.AppStore|iPhone.Deploy.0 = Debug|Any CPU
		{49C014DE-3605-49D6-8C45-38DDEF9BF499}.AppStore|iPhoneSimulator.ActiveCfg = Debug|Any CPU
		{49C014DE-3605-49D6-8C45-38DDEF9BF499}.AppStore|iPhoneSimulator.Build.0 = Debug|Any CPU
		{49C014DE-3605-49D6-8C45-38DDEF9BF499}.AppStore|iPhoneSimulator.Deploy.0 = Debug|Any CPU
		{49C014DE-3605-49D6-8C45-38DDEF9BF499}.AppStore|x64.ActiveCfg = Release|x64
		{49C014DE-3605-49D6-8C45-38DDEF9BF499}.AppStore|x64.Build.0 = Release|x64
		{49C014DE-3605-49D6-8C45-38DDEF9BF499}.AppStore|x64.Deploy.0 = Release|x64
		{49C014DE-3605-49D6-8C45-38DDEF9BF499}.AppStore|x86.ActiveCfg = Release|x86
		{49C014DE-3605-49D6-8C45-38DDEF9BF499}.AppStore|x86.Build.0 = Release|x86
		{49C014DE-3605-49D6-8C45-38DDEF9BF499}.AppStore|x86.Deploy.0 = Release|x86
		{49C014DE-3605-49D6-8C45-38DDEF9BF499}.Debug|Any CPU.ActiveCfg = Debug|Any CPU
		{49C014DE-3605-49D6-8C45-38DDEF9BF499}.Debug|Any CPU.Build.0 = Debug|Any CPU
		{49C014DE-3605-49D6-8C45-38DDEF9BF499}.Debug|Any CPU.Deploy.0 = Debug|Any CPU
		{49C014DE-3605-49D6-8C45-38DDEF9BF499}.Debug|ARM.ActiveCfg = Debug|Any CPU
		{49C014DE-3605-49D6-8C45-38DDEF9BF499}.Debug|ARM.Build.0 = Debug|Any CPU
		{49C014DE-3605-49D6-8C45-38DDEF9BF499}.Debug|ARM.Deploy.0 = Debug|Any CPU
		{49C014DE-3605-49D6-8C45-38DDEF9BF499}.Debug|iPhone.ActiveCfg = Debug|Any CPU
		{49C014DE-3605-49D6-8C45-38DDEF9BF499}.Debug|iPhone.Build.0 = Debug|Any CPU
		{49C014DE-3605-49D6-8C45-38DDEF9BF499}.Debug|iPhone.Deploy.0 = Debug|Any CPU
		{49C014DE-3605-49D6-8C45-38DDEF9BF499}.Debug|iPhoneSimulator.ActiveCfg = Debug|Any CPU
		{49C014DE-3605-49D6-8C45-38DDEF9BF499}.Debug|iPhoneSimulator.Build.0 = Debug|Any CPU
		{49C014DE-3605-49D6-8C45-38DDEF9BF499}.Debug|iPhoneSimulator.Deploy.0 = Debug|Any CPU
		{49C014DE-3605-49D6-8C45-38DDEF9BF499}.Debug|x64.ActiveCfg = Debug|x64
		{49C014DE-3605-49D6-8C45-38DDEF9BF499}.Debug|x64.Build.0 = Debug|x64
		{49C014DE-3605-49D6-8C45-38DDEF9BF499}.Debug|x64.Deploy.0 = Debug|x64
		{49C014DE-3605-49D6-8C45-38DDEF9BF499}.Debug|x86.ActiveCfg = Debug|x86
		{49C014DE-3605-49D6-8C45-38DDEF9BF499}.Debug|x86.Build.0 = Debug|x86
		{49C014DE-3605-49D6-8C45-38DDEF9BF499}.Debug|x86.Deploy.0 = Debug|x86
		{49C014DE-3605-49D6-8C45-38DDEF9BF499}.Release|Any CPU.ActiveCfg = Release|Any CPU
		{49C014DE-3605-49D6-8C45-38DDEF9BF499}.Release|Any CPU.Build.0 = Release|Any CPU
		{49C014DE-3605-49D6-8C45-38DDEF9BF499}.Release|Any CPU.Deploy.0 = Release|Any CPU
		{49C014DE-3605-49D6-8C45-38DDEF9BF499}.Release|ARM.ActiveCfg = Release|Any CPU
		{49C014DE-3605-49D6-8C45-38DDEF9BF499}.Release|ARM.Build.0 = Release|Any CPU
		{49C014DE-3605-49D6-8C45-38DDEF9BF499}.Release|ARM.Deploy.0 = Release|Any CPU
		{49C014DE-3605-49D6-8C45-38DDEF9BF499}.Release|iPhone.ActiveCfg = Release|Any CPU
		{49C014DE-3605-49D6-8C45-38DDEF9BF499}.Release|iPhone.Build.0 = Release|Any CPU
		{49C014DE-3605-49D6-8C45-38DDEF9BF499}.Release|iPhone.Deploy.0 = Release|Any CPU
		{49C014DE-3605-49D6-8C45-38DDEF9BF499}.Release|iPhoneSimulator.ActiveCfg = Release|Any CPU
		{49C014DE-3605-49D6-8C45-38DDEF9BF499}.Release|iPhoneSimulator.Build.0 = Release|Any CPU
		{49C014DE-3605-49D6-8C45-38DDEF9BF499}.Release|iPhoneSimulator.Deploy.0 = Release|Any CPU
		{49C014DE-3605-49D6-8C45-38DDEF9BF499}.Release|x64.ActiveCfg = Release|x64
		{49C014DE-3605-49D6-8C45-38DDEF9BF499}.Release|x64.Build.0 = Release|x64
		{49C014DE-3605-49D6-8C45-38DDEF9BF499}.Release|x64.Deploy.0 = Release|x64
		{49C014DE-3605-49D6-8C45-38DDEF9BF499}.Release|x86.ActiveCfg = Release|x86
		{49C014DE-3605-49D6-8C45-38DDEF9BF499}.Release|x86.Build.0 = Release|x86
		{49C014DE-3605-49D6-8C45-38DDEF9BF499}.Release|x86.Deploy.0 = Release|x86
		{7A76302F-ED44-4057-85F6-0391727058FF}.Ad-Hoc|Any CPU.ActiveCfg = Release|Any CPU
		{7A76302F-ED44-4057-85F6-0391727058FF}.Ad-Hoc|Any CPU.Build.0 = Release|Any CPU
		{7A76302F-ED44-4057-85F6-0391727058FF}.Ad-Hoc|ARM.ActiveCfg = Release|Any CPU
		{7A76302F-ED44-4057-85F6-0391727058FF}.Ad-Hoc|ARM.Build.0 = Release|Any CPU
		{7A76302F-ED44-4057-85F6-0391727058FF}.Ad-Hoc|iPhone.ActiveCfg = Release|Any CPU
		{7A76302F-ED44-4057-85F6-0391727058FF}.Ad-Hoc|iPhone.Build.0 = Release|Any CPU
		{7A76302F-ED44-4057-85F6-0391727058FF}.Ad-Hoc|iPhoneSimulator.ActiveCfg = Release|Any CPU
		{7A76302F-ED44-4057-85F6-0391727058FF}.Ad-Hoc|iPhoneSimulator.Build.0 = Release|Any CPU
		{7A76302F-ED44-4057-85F6-0391727058FF}.Ad-Hoc|x64.ActiveCfg = Release|Any CPU
		{7A76302F-ED44-4057-85F6-0391727058FF}.Ad-Hoc|x64.Build.0 = Release|Any CPU
		{7A76302F-ED44-4057-85F6-0391727058FF}.Ad-Hoc|x86.ActiveCfg = Release|Any CPU
		{7A76302F-ED44-4057-85F6-0391727058FF}.Ad-Hoc|x86.Build.0 = Release|Any CPU
		{7A76302F-ED44-4057-85F6-0391727058FF}.AppStore|Any CPU.ActiveCfg = Release|Any CPU
		{7A76302F-ED44-4057-85F6-0391727058FF}.AppStore|Any CPU.Build.0 = Release|Any CPU
		{7A76302F-ED44-4057-85F6-0391727058FF}.AppStore|ARM.ActiveCfg = Release|Any CPU
		{7A76302F-ED44-4057-85F6-0391727058FF}.AppStore|ARM.Build.0 = Release|Any CPU
		{7A76302F-ED44-4057-85F6-0391727058FF}.AppStore|iPhone.ActiveCfg = Release|Any CPU
		{7A76302F-ED44-4057-85F6-0391727058FF}.AppStore|iPhone.Build.0 = Release|Any CPU
		{7A76302F-ED44-4057-85F6-0391727058FF}.AppStore|iPhoneSimulator.ActiveCfg = Release|Any CPU
		{7A76302F-ED44-4057-85F6-0391727058FF}.AppStore|iPhoneSimulator.Build.0 = Release|Any CPU
		{7A76302F-ED44-4057-85F6-0391727058FF}.AppStore|x64.ActiveCfg = Release|Any CPU
		{7A76302F-ED44-4057-85F6-0391727058FF}.AppStore|x64.Build.0 = Release|Any CPU
		{7A76302F-ED44-4057-85F6-0391727058FF}.AppStore|x86.ActiveCfg = Release|Any CPU
		{7A76302F-ED44-4057-85F6-0391727058FF}.AppStore|x86.Build.0 = Release|Any CPU
		{7A76302F-ED44-4057-85F6-0391727058FF}.Debug|Any CPU.ActiveCfg = Debug|Any CPU
		{7A76302F-ED44-4057-85F6-0391727058FF}.Debug|Any CPU.Build.0 = Debug|Any CPU
		{7A76302F-ED44-4057-85F6-0391727058FF}.Debug|ARM.ActiveCfg = Debug|Any CPU
		{7A76302F-ED44-4057-85F6-0391727058FF}.Debug|ARM.Build.0 = Debug|Any CPU
		{7A76302F-ED44-4057-85F6-0391727058FF}.Debug|iPhone.ActiveCfg = Debug|Any CPU
		{7A76302F-ED44-4057-85F6-0391727058FF}.Debug|iPhone.Build.0 = Debug|Any CPU
		{7A76302F-ED44-4057-85F6-0391727058FF}.Debug|iPhoneSimulator.ActiveCfg = Debug|Any CPU
		{7A76302F-ED44-4057-85F6-0391727058FF}.Debug|iPhoneSimulator.Build.0 = Debug|Any CPU
		{7A76302F-ED44-4057-85F6-0391727058FF}.Debug|x64.ActiveCfg = Debug|Any CPU
		{7A76302F-ED44-4057-85F6-0391727058FF}.Debug|x64.Build.0 = Debug|Any CPU
		{7A76302F-ED44-4057-85F6-0391727058FF}.Debug|x86.ActiveCfg = Debug|Any CPU
		{7A76302F-ED44-4057-85F6-0391727058FF}.Debug|x86.Build.0 = Debug|Any CPU
		{7A76302F-ED44-4057-85F6-0391727058FF}.Release|Any CPU.ActiveCfg = Release|Any CPU
		{7A76302F-ED44-4057-85F6-0391727058FF}.Release|Any CPU.Build.0 = Release|Any CPU
		{7A76302F-ED44-4057-85F6-0391727058FF}.Release|ARM.ActiveCfg = Release|Any CPU
		{7A76302F-ED44-4057-85F6-0391727058FF}.Release|ARM.Build.0 = Release|Any CPU
		{7A76302F-ED44-4057-85F6-0391727058FF}.Release|iPhone.ActiveCfg = Release|Any CPU
		{7A76302F-ED44-4057-85F6-0391727058FF}.Release|iPhone.Build.0 = Release|Any CPU
		{7A76302F-ED44-4057-85F6-0391727058FF}.Release|iPhoneSimulator.ActiveCfg = Release|Any CPU
		{7A76302F-ED44-4057-85F6-0391727058FF}.Release|iPhoneSimulator.Build.0 = Release|Any CPU
		{7A76302F-ED44-4057-85F6-0391727058FF}.Release|x64.ActiveCfg = Release|Any CPU
		{7A76302F-ED44-4057-85F6-0391727058FF}.Release|x64.Build.0 = Release|Any CPU
		{7A76302F-ED44-4057-85F6-0391727058FF}.Release|x86.ActiveCfg = Release|Any CPU
		{7A76302F-ED44-4057-85F6-0391727058FF}.Release|x86.Build.0 = Release|Any CPU
	EndGlobalSection
	GlobalSection(SolutionProperties) = preSolution
		HideSolutionNode = FALSE
	EndGlobalSection
	GlobalSection(ExtensibilityGlobals) = postSolution
		SolutionGuid = {D96D6A52-17DE-485B-9360-48C9067531EA}
	EndGlobalSection
EndGlobal
